// !$*UTF8*$!
{
	archiveVersion = 1;
	classes = {
	};
	objectVersion = 46;
	objects = {

/* Begin PBXBuildFile section */
		FFA9E8E81A5C9C9600F2FFBB /* AppDelegate.swift in Sources */ = {isa = PBXBuildFile; fileRef = FFA9E8E71A5C9C9600F2FFBB /* AppDelegate.swift */; };
		FFA9E8EA1A5C9C9600F2FFBB /* ViewController.swift in Sources */ = {isa = PBXBuildFile; fileRef = FFA9E8E91A5C9C9600F2FFBB /* ViewController.swift */; };
		FFA9E8ED1A5C9C9600F2FFBB /* Main.storyboard in Resources */ = {isa = PBXBuildFile; fileRef = FFA9E8EB1A5C9C9600F2FFBB /* Main.storyboard */; };
		FFA9E8EF1A5C9C9600F2FFBB /* Images.xcassets in Resources */ = {isa = PBXBuildFile; fileRef = FFA9E8EE1A5C9C9600F2FFBB /* Images.xcassets */; };
		FFA9E8F21A5C9C9600F2FFBB /* LaunchScreen.xib in Resources */ = {isa = PBXBuildFile; fileRef = FFA9E8F01A5C9C9600F2FFBB /* LaunchScreen.xib */; };
		FFA9E8FE1A5C9C9600F2FFBB /* PostcardTests.swift in Sources */ = {isa = PBXBuildFile; fileRef = FFA9E8FD1A5C9C9600F2FFBB /* PostcardTests.swift */; };
/* End PBXBuildFile section */

/* Begin PBXContainerItemProxy section */
		FFA9E8F81A5C9C9600F2FFBB /* PBXContainerItemProxy */ = {
			isa = PBXContainerItemProxy;
			containerPortal = FFA9E8DA1A5C9C9500F2FFBB /* Project object */;
			proxyType = 1;
			remoteGlobalIDString = FFA9E8E11A5C9C9500F2FFBB;
			remoteInfo = Postcard;
		};
/* End PBXContainerItemProxy section */

/* Begin PBXFileReference section */
		FFA9E8E21A5C9C9500F2FFBB /* Postcard.app */ = {isa = PBXFileReference; explicitFileType = wrapper.application; includeInIndex = 0; path = Postcard.app; sourceTree = BUILT_PRODUCTS_DIR; };
		FFA9E8E61A5C9C9600F2FFBB /* Info.plist */ = {isa = PBXFileReference; lastKnownFileType = text.plist.xml; path = Info.plist; sourceTree = "<group>"; };
		FFA9E8E71A5C9C9600F2FFBB /* AppDelegate.swift */ = {isa = PBXFileReference; lastKnownFileType = sourcecode.swift; path = AppDelegate.swift; sourceTree = "<group>"; };
		FFA9E8E91A5C9C9600F2FFBB /* ViewController.swift */ = {isa = PBXFileReference; lastKnownFileType = sourcecode.swift; path = ViewController.swift; sourceTree = "<group>"; };
		FFA9E8EC1A5C9C9600F2FFBB /* Base */ = {isa = PBXFileReference; lastKnownFileType = file.storyboard; name = Base; path = Base.lproj/Main.storyboard; sourceTree = "<group>"; };
		FFA9E8EE1A5C9C9600F2FFBB /* Images.xcassets */ = {isa = PBXFileReference; lastKnownFileType = folder.assetcatalog; path = Images.xcassets; sourceTree = "<group>"; };
		FFA9E8F11A5C9C9600F2FFBB /* Base */ = {isa = PBXFileReference; lastKnownFileType = file.xib; name = Base; path = Base.lproj/LaunchScreen.xib; sourceTree = "<group>"; };
		FFA9E8F71A5C9C9600F2FFBB /* PostcardTests.xctest */ = {isa = PBXFileReference; explicitFileType = wrapper.cfbundle; includeInIndex = 0; path = PostcardTests.xctest; sourceTree = BUILT_PRODUCTS_DIR; };
		FFA9E8FC1A5C9C9600F2FFBB /* Info.plist */ = {isa = PBXFileReference; lastKnownFileType = text.plist.xml; path = Info.plist; sourceTree = "<group>"; };
		FFA9E8FD1A5C9C9600F2FFBB /* PostcardTests.swift */ = {isa = PBXFileReference; lastKnownFileType = sourcecode.swift; path = PostcardTests.swift; sourceTree = "<group>"; };
/* End PBXFileReference section */

/* Begin PBXFrameworksBuildPhase section */
		FFA9E8DF1A5C9C9500F2FFBB /* Frameworks */ = {
			isa = PBXFrameworksBuildPhase;
			buildActionMask = 2147483647;
			files = (
			);
			runOnlyForDeploymentPostprocessing = 0;
		};
		FFA9E8F41A5C9C9600F2FFBB /* Frameworks */ = {
			isa = PBXFrameworksBuildPhase;
			buildActionMask = 2147483647;
			files = (
			);
			runOnlyForDeploymentPostprocessing = 0;
		};
/* End PBXFrameworksBuildPhase section */

/* Begin PBXGroup section */
		FFA9E8D91A5C9C9500F2FFBB = {
			isa = PBXGroup;
			children = (
				FFA9E8E41A5C9C9500F2FFBB /* Postcard */,
				FFA9E8FA1A5C9C9600F2FFBB /* PostcardTests */,
				FFA9E8E31A5C9C9500F2FFBB /* Products */,
			);
			sourceTree = "<group>";
		};
		FFA9E8E31A5C9C9500F2FFBB /* Products */ = {
			isa = PBXGroup;
			children = (
				FFA9E8E21A5C9C9500F2FFBB /* Postcard.app */,
				FFA9E8F71A5C9C9600F2FFBB /* PostcardTests.xctest */,
			);
			name = Products;
			sourceTree = "<group>";
		};
		FFA9E8E41A5C9C9500F2FFBB /* Postcard */ = {
			isa = PBXGroup;
			children = (
				FFA9E8E71A5C9C9600F2FFBB /* AppDelegate.swift */,
				FFA9E8E91A5C9C9600F2FFBB /* ViewController.swift */,
				FFA9E8EB1A5C9C9600F2FFBB /* Main.storyboard */,
				FFA9E8EE1A5C9C9600F2FFBB /* Images.xcassets */,
				FFA9E8F01A5C9C9600F2FFBB /* LaunchScreen.xib */,
				FFA9E8E51A5C9C9600F2FFBB /* Supporting Files */,
			);
			path = Postcard;
			sourceTree = "<group>";
		};
		FFA9E8E51A5C9C9600F2FFBB /* Supporting Files */ = {
			isa = PBXGroup;
			children = (
				FFA9E8E61A5C9C9600F2FFBB /* Info.plist */,
			);
			name = "Supporting Files";
			sourceTree = "<group>";
		};
		FFA9E8FA1A5C9C9600F2FFBB /* PostcardTests */ = {
			isa = PBXGroup;
			children = (
				FFA9E8FD1A5C9C9600F2FFBB /* PostcardTests.swift */,
				FFA9E8FB1A5C9C9600F2FFBB /* Supporting Files */,
			);
			path = PostcardTests;
			sourceTree = "<group>";
		};
		FFA9E8FB1A5C9C9600F2FFBB /* Supporting Files */ = {
			isa = PBXGroup;
			children = (
				FFA9E8FC1A5C9C9600F2FFBB /* Info.plist */,
			);
			name = "Supporting Files";
			sourceTree = "<group>";
		};
/* End PBXGroup section */

/* Begin PBXNativeTarget section */
		FFA9E8E11A5C9C9500F2FFBB /* Postcard */ = {
			isa = PBXNativeTarget;
			buildConfigurationList = FFA9E9011A5C9C9600F2FFBB /* Build configuration list for PBXNativeTarget "Postcard" */;
			buildPhases = (
				FFA9E8DE1A5C9C9500F2FFBB /* Sources */,
				FFA9E8DF1A5C9C9500F2FFBB /* Frameworks */,
				FFA9E8E01A5C9C9500F2FFBB /* Resources */,
			);
			buildRules = (
			);
			dependencies = (
			);
			name = Postcard;
			productName = Postcard;
			productReference = FFA9E8E21A5C9C9500F2FFBB /* Postcard.app */;
			productType = "com.apple.product-type.application";
		};
		FFA9E8F61A5C9C9600F2FFBB /* PostcardTests */ = {
			isa = PBXNativeTarget;
			buildConfigurationList = FFA9E9041A5C9C9600F2FFBB /* Build configuration list for PBXNativeTarget "PostcardTests" */;
			buildPhases = (
				FFA9E8F31A5C9C9600F2FFBB /* Sources */,
				FFA9E8F41A5C9C9600F2FFBB /* Frameworks */,
				FFA9E8F51A5C9C9600F2FFBB /* Resources */,
			);
			buildRules = (
			);
			dependencies = (
				FFA9E8F91A5C9C9600F2FFBB /* PBXTargetDependency */,
			);
			name = PostcardTests;
			productName = PostcardTests;
			productReference = FFA9E8F71A5C9C9600F2FFBB /* PostcardTests.xctest */;
			productType = "com.apple.product-type.bundle.unit-test";
		};
/* End PBXNativeTarget section */

/* Begin PBXProject section */
		FFA9E8DA1A5C9C9500F2FFBB /* Project object */ = {
			isa = PBXProject;
			attributes = {
				LastUpgradeCheck = 0610;
				ORGANIZATIONNAME = "Jess Renteria";
				TargetAttributes = {
					FFA9E8E11A5C9C9500F2FFBB = {
						CreatedOnToolsVersion = 6.1.1;
					};
					FFA9E8F61A5C9C9600F2FFBB = {
						CreatedOnToolsVersion = 6.1.1;
						TestTargetID = FFA9E8E11A5C9C9500F2FFBB;
					};
				};
			};
			buildConfigurationList = FFA9E8DD1A5C9C9500F2FFBB /* Build configuration list for PBXProject "Postcard" */;
			compatibilityVersion = "Xcode 3.2";
			developmentRegion = English;
			hasScannedForEncodings = 0;
			knownRegions = (
				en,
				Base,
			);
			mainGroup = FFA9E8D91A5C9C9500F2FFBB;
			productRefGroup = FFA9E8E31A5C9C9500F2FFBB /* Products */;
			projectDirPath = "";
			projectRoot = "";
			targets = (
				FFA9E8E11A5C9C9500F2FFBB /* Postcard */,
				FFA9E8F61A5C9C9600F2FFBB /* PostcardTests */,
			);
		};
/* End PBXProject section */

/* Begin PBXResourcesBuildPhase section */
		FFA9E8E01A5C9C9500F2FFBB /* Resources */ = {
			isa = PBXResourcesBuildPhase;
			buildActionMask = 2147483647;
			files = (
				FFA9E8ED1A5C9C9600F2FFBB /* Main.storyboard in Resources */,
				FFA9E8F21A5C9C9600F2FFBB /* LaunchScreen.xib in Resources */,
				FFA9E8EF1A5C9C9600F2FFBB /* Images.xcassets in Resources */,
			);
			runOnlyForDeploymentPostprocessing = 0;
		};
		FFA9E8F51A5C9C9600F2FFBB /* Resources */ = {
			isa = PBXResourcesBuildPhase;
			buildActionMask = 2147483647;
			files = (
			);
			runOnlyForDeploymentPostprocessing = 0;
		};
/* End PBXResourcesBuildPhase section */

/* Begin PBXSourcesBuildPhase section */
		FFA9E8DE1A5C9C9500F2FFBB /* Sources */ = {
			isa = PBXSourcesBuildPhase;
			buildActionMask = 2147483647;
			files = (
				FFA9E8EA1A5C9C9600F2FFBB /* ViewController.swift in Sources */,
				FFA9E8E81A5C9C9600F2FFBB /* AppDelegate.swift in Sources */,
			);
			runOnlyForDeploymentPostprocessing = 0;
		};
		FFA9E8F31A5C9C9600F2FFBB /* Sources */ = {
			isa = PBXSourcesBuildPhase;
			buildActionMask = 2147483647;
			files = (
				FFA9E8FE1A5C9C9600F2FFBB /* PostcardTests.swift in Sources */,
			);
			runOnlyForDeploymentPostprocessing = 0;
		};
/* End PBXSourcesBuildPhase section */

/* Begin PBXTargetDependency section */
		FFA9E8F91A5C9C9600F2FFBB /* PBXTargetDependency */ = {
			isa = PBXTargetDependency;
			target = FFA9E8E11A5C9C9500F2FFBB /* Postcard */;
			targetProxy = FFA9E8F81A5C9C9600F2FFBB /* PBXContainerItemProxy */;
		};
/* End PBXTargetDependency section */

/* Begin PBXVariantGroup section */
		FFA9E8EB1A5C9C9600F2FFBB /* Main.storyboard */ = {
			isa = PBXVariantGroup;
			children = (
				FFA9E8EC1A5C9C9600F2FFBB /* Base */,
			);
			name = Main.storyboard;
			sourceTree = "<group>";
		};
		FFA9E8F01A5C9C9600F2FFBB /* LaunchScreen.xib */ = {
			isa = PBXVariantGroup;
			children = (
				FFA9E8F11A5C9C9600F2FFBB /* Base */,
			);
			name = LaunchScreen.xib;
			sourceTree = "<group>";
		};
/* End PBXVariantGroup section */

/* Begin XCBuildConfiguration section */
		FFA9E8FF1A5C9C9600F2FFBB /* Debug */ = {
			isa = XCBuildConfiguration;
			buildSettings = {
				ALWAYS_SEARCH_USER_PATHS = NO;
				CLANG_CXX_LANGUAGE_STANDARD = "gnu++0x";
				CLANG_CXX_LIBRARY = "libc++";
				CLANG_ENABLE_MODULES = YES;
				CLANG_ENABLE_OBJC_ARC = YES;
				CLANG_WARN_BOOL_CONVERSION = YES;
				CLANG_WARN_CONSTANT_CONVERSION = YES;
				CLANG_WARN_DIRECT_OBJC_ISA_USAGE = YES_ERROR;
				CLANG_WARN_EMPTY_BODY = YES;
				CLANG_WARN_ENUM_CONVERSION = YES;
				CLANG_WARN_INT_CONVERSION = YES;
				CLANG_WARN_OBJC_ROOT_CLASS = YES_ERROR;
				CLANG_WARN_UNREACHABLE_CODE = YES;
				CLANG_WARN__DUPLICATE_METHOD_MATCH = YES;
				"CODE_SIGN_IDENTITY[sdk=iphoneos*]" = "iPhone Developer";
				COPY_PHASE_STRIP = NO;
				ENABLE_STRICT_OBJC_MSGSEND = YES;
				GCC_C_LANGUAGE_STANDARD = gnu99;
				GCC_DYNAMIC_NO_PIC = NO;
				GCC_OPTIMIZATION_LEVEL = 0;
				GCC_PREPROCESSOR_DEFINITIONS = (
					"DEBUG=1",
					"$(inherited)",
				);
				GCC_SYMBOLS_PRIVATE_EXTERN = NO;
				GCC_WARN_64_TO_32_BIT_CONVERSION = YES;
				GCC_WARN_ABOUT_RETURN_TYPE = YES_ERROR;
				GCC_WARN_UNDECLARED_SELECTOR = YES;
				GCC_WARN_UNINITIALIZED_AUTOS = YES_AGGRESSIVE;
				GCC_WARN_UNUSED_FUNCTION = YES;
				GCC_WARN_UNUSED_VARIABLE = YES;
				IPHONEOS_DEPLOYMENT_TARGET = 8.1;
				MTL_ENABLE_DEBUG_INFO = YES;
				ONLY_ACTIVE_ARCH = YES;
				SDKROOT = iphoneos;
				SWIFT_OPTIMIZATION_LEVEL = "-Onone";
				TARGETED_DEVICE_FAMILY = "1,2";
			};
			name = Debug;
		};
		FFA9E9001A5C9C9600F2FFBB /* Release */ = {
			isa = XCBuildConfiguration;
			buildSettings = {
				ALWAYS_SEARCH_USER_PATHS = NO;
				CLANG_CXX_LANGUAGE_STANDARD = "gnu++0x";
				CLANG_CXX_LIBRARY = "libc++";
				CLANG_ENABLE_MODULES = YES;
				CLANG_ENABLE_OBJC_ARC = YES;
				CLANG_WARN_BOOL_CONVERSION = YES;
				CLANG_WARN_CONSTANT_CONVERSION = YES;
				CLANG_WARN_DIRECT_OBJC_ISA_USAGE = YES_ERROR;
				CLANG_WARN_EMPTY_BODY = YES;
				CLANG_WARN_ENUM_CONVERSION = YES;
				CLANG_WARN_INT_CONVERSION = YES;
				CLANG_WARN_OBJC_ROOT_CLASS = YES_ERROR;
				CLANG_WARN_UNREACHABLE_CODE = YES;
				CLANG_WARN__DUPLICATE_METHOD_MATCH = YES;
				"CODE_SIGN_IDENTITY[sdk=iphoneos*]" = "iPhone Developer";
				COPY_PHASE_STRIP = YES;
				ENABLE_NS_ASSERTIONS = NO;
				ENABLE_STRICT_OBJC_MSGSEND = YES;
				GCC_C_LANGUAGE_STANDARD = gnu99;
				GCC_WARN_64_TO_32_BIT_CONVERSION = YES;
				GCC_WARN_ABOUT_RETURN_TYPE = YES_ERROR;
				GCC_WARN_UNDECLARED_SELECTOR = YES;
				GCC_WARN_UNINITIALIZED_AUTOS = YES_AGGRESSIVE;
				GCC_WARN_UNUSED_FUNCTION = YES;
				GCC_WARN_UNUSED_VARIABLE = YES;
				IPHONEOS_DEPLOYMENT_TARGET = 8.1;
				MTL_ENABLE_DEBUG_INFO = NO;
				SDKROOT = iphoneos;
				TARGETED_DEVICE_FAMILY = "1,2";
				VALIDATE_PRODUCT = YES;
			};
			name = Release;
		};
		FFA9E9021A5C9C9600F2FFBB /* Debug */ = {
			isa = XCBuildConfiguration;
			buildSettings = {
				ASSETCATALOG_COMPILER_APPICON_NAME = AppIcon;
				INFOPLIST_FILE = Postcard/Info.plist;
				LD_RUNPATH_SEARCH_PATHS = "$(inherited) @executable_path/Frameworks";
				PRODUCT_NAME = "$(TARGET_NAME)";
			};
			name = Debug;
		};
		FFA9E9031A5C9C9600F2FFBB /* Release */ = {
			isa = XCBuildConfiguration;
			buildSettings = {
				ASSETCATALOG_COMPILER_APPICON_NAME = AppIcon;
				INFOPLIST_FILE = Postcard/Info.plist;
				LD_RUNPATH_SEARCH_PATHS = "$(inherited) @executable_path/Frameworks";
				PRODUCT_NAME = "$(TARGET_NAME)";
			};
			name = Release;
		};
		FFA9E9051A5C9C9600F2FFBB /* Debug */ = {
			isa = XCBuildConfiguration;
			buildSettings = {
				BUNDLE_LOADER = "$(TEST_HOST)";
				FRAMEWORK_SEARCH_PATHS = (
					"$(SDKROOT)/Developer/Library/Frameworks",
					"$(inherited)",
				);
				GCC_PREPROCESSOR_DEFINITIONS = (
					"DEBUG=1",
					"$(inherited)",
				);
				INFOPLIST_FILE = PostcardTests/Info.plist;
				LD_RUNPATH_SEARCH_PATHS = "$(inherited) @executable_path/Frameworks @loader_path/Frameworks";
				PRODUCT_NAME = "$(TARGET_NAME)";
				TEST_HOST = "$(BUILT_PRODUCTS_DIR)/Postcard.app/Postcard";
			};
			name = Debug;
		};
		FFA9E9061A5C9C9600F2FFBB /* Release */ = {
			isa = XCBuildConfiguration;
			buildSettings = {
				BUNDLE_LOADER = "$(TEST_HOST)";
				FRAMEWORK_SEARCH_PATHS = (
					"$(SDKROOT)/Developer/Library/Frameworks",
					"$(inherited)",
				);
				INFOPLIST_FILE = PostcardTests/Info.plist;
				LD_RUNPATH_SEARCH_PATHS = "$(inherited) @executable_path/Frameworks @loader_path/Frameworks";
				PRODUCT_NAME = "$(TARGET_NAME)";
				TEST_HOST = "$(BUILT_PRODUCTS_DIR)/Postcard.app/Postcard";
			};
			name = Release;
		};
/* End XCBuildConfiguration section */

/* Begin XCConfigurationList section */
		FFA9E8DD1A5C9C9500F2FFBB /* Build configuration list for PBXProject "Postcard" */ = {
			isa = XCConfigurationList;
			buildConfigurations = (
				FFA9E8FF1A5C9C9600F2FFBB /* Debug */,
				FFA9E9001A5C9C9600F2FFBB /* Release */,
			);
			defaultConfigurationIsVisible = 0;
			defaultConfigurationName = Release;
		};
		FFA9E9011A5C9C9600F2FFBB /* Build configuration list for PBXNativeTarget "Postcard" */ = {
			isa = XCConfigurationList;
			buildConfigurations = (
				FFA9E9021A5C9C9600F2FFBB /* Debug */,
				FFA9E9031A5C9C9600F2FFBB /* Release */,
			);
			defaultConfigurationIsVisible = 0;
		};
		FFA9E9041A5C9C9600F2FFBB /* Build configuration list for PBXNativeTarget "PostcardTests" */ = {
			isa = XCConfigurationList;
			buildConfigurations = (
				FFA9E9051A5C9C9600F2FFBB /* Debug */,
				FFA9E9061A5C9C9600F2FFBB /* Release */,
			);
			defaultConfigurationIsVisible = 0;
		};
/* End XCConfigurationList section */
	};
	rootObject = FFA9E8DA1A5C9C9500F2FFBB /* Project object */;
}
